
Microsoft Visual Studio Solution File, Format Version 12.00
# Visual Studio Version 17
VisualStudioVersion = 17.5.33424.131
MinimumVisualStudioVersion = 10.0.40219.1
Project("{FAE04EC0-301F-11D3-BF4B-00C04F79EFBC}") = "GameShow", "GameShow\GameShow.csproj", "{B7A32F62-180D-4979-BC45-29CBC900C206}"
EndProject
Global
	GlobalSection(SolutionConfigurationPlatforms) = preSolution
		Debug|Any CPU = Debug|Any CPU
		Release|Any CPU = Release|Any CPU
	EndGlobalSection
	GlobalSection(ProjectConfigurationPlatforms) = postSolution
		{B7A32F62-180D-4979-BC45-29CBC900C206}.Debug|Any CPU.ActiveCfg = Debug|Any CPU
		{B7A32F62-180D-4979-BC45-29CBC900C206}.Debug|Any CPU.Build.0 = Debug|Any CPU
		{B7A32F62-180D-4979-BC45-29CBC900C206}.Release|Any CPU.ActiveCfg = Release|Any CPU
		{B7A32F62-180D-4979-BC45-29CBC900C206}.Release|Any CPU.Build.0 = Release|Any CPU
	EndGlobalSection
	GlobalSection(SolutionProperties) = preSolution
		HideSolutionNode = FALSE
	EndGlobalSection
	GlobalSection(ExtensibilityGlobals) = postSolution
		SolutionGuid = {841EF9C8-EA7B-480B-BA55-1ADD0736753A}
	EndGlobalSection
EndGlobal
